// !$*UTF8*$!
{
	archiveVersion = 1;
	classes = {
	};
	objectVersion = 55;
	objects = {

/* Begin PBXBuildFile section */
		F183D42927C4A1B500330E13 /* GunModel.swift in Sources */ = {isa = PBXBuildFile; fileRef = F183D42827C4A1B500330E13 /* GunModel.swift */; };
		F183D42B27C4A34C00330E13 /* BulletsLabel.swift in Sources */ = {isa = PBXBuildFile; fileRef = F183D42A27C4A34C00330E13 /* BulletsLabel.swift */; };
		F183D42D27C4A3FC00330E13 /* ReloadButton.swift in Sources */ = {isa = PBXBuildFile; fileRef = F183D42C27C4A3FC00330E13 /* ReloadButton.swift */; };
		F183D42F27C6200000330E13 /* Bullet.swift in Sources */ = {isa = PBXBuildFile; fileRef = F183D42E27C6200000330E13 /* Bullet.swift */; };
		F183D43127C75B9400330E13 /* Zombie.swift in Sources */ = {isa = PBXBuildFile; fileRef = F183D43027C75B9400330E13 /* Zombie.swift */; };
		F1C08EDC27CC8FC900B23D3A /* GamePointLabel.swift in Sources */ = {isa = PBXBuildFile; fileRef = F1C08EDB27CC8FC900B23D3A /* GamePointLabel.swift */; };
		F1C08EE027CC933100B23D3A /* GameMenuButton.swift in Sources */ = {isa = PBXBuildFile; fileRef = F1C08EDF27CC933100B23D3A /* GameMenuButton.swift */; };
		F1C08EE227CCA37A00B23D3A /* GameMenuView.swift in Sources */ = {isa = PBXBuildFile; fileRef = F1C08EE127CCA37A00B23D3A /* GameMenuView.swift */; };
		F1C08EE427CDB87C00B23D3A /* GamePointSaveView.swift in Sources */ = {isa = PBXBuildFile; fileRef = F1C08EE327CDB87C00B23D3A /* GamePointSaveView.swift */; };
		F1C08EE627CDB8F200B23D3A /* NickNameTextField.swift in Sources */ = {isa = PBXBuildFile; fileRef = F1C08EE527CDB8F200B23D3A /* NickNameTextField.swift */; };
		F1C08EE827CDBCBF00B23D3A /* GamePointSaveButton.swift in Sources */ = {isa = PBXBuildFile; fileRef = F1C08EE727CDBCBF00B23D3A /* GamePointSaveButton.swift */; };
		F1C08EEA27CDC75C00B23D3A /* GamePointManager.swift in Sources */ = {isa = PBXBuildFile; fileRef = F1C08EE927CDC75C00B23D3A /* GamePointManager.swift */; };
		F1E1816927BF459F0059E322 /* AppDelegate.swift in Sources */ = {isa = PBXBuildFile; fileRef = F1E1816827BF459F0059E322 /* AppDelegate.swift */; };
		F1E1816B27BF459F0059E322 /* art.scnassets in Resources */ = {isa = PBXBuildFile; fileRef = F1E1816A27BF459F0059E322 /* art.scnassets */; };
		F1E1816D27BF459F0059E322 /* ARViewController.swift in Sources */ = {isa = PBXBuildFile; fileRef = F1E1816C27BF459F0059E322 /* ARViewController.swift */; };
		F1E1817027BF459F0059E322 /* Main.storyboard in Resources */ = {isa = PBXBuildFile; fileRef = F1E1816E27BF459F0059E322 /* Main.storyboard */; };
		F1E1817227BF45A10059E322 /* Assets.xcassets in Resources */ = {isa = PBXBuildFile; fileRef = F1E1817127BF45A10059E322 /* Assets.xcassets */; };
		F1E1817527BF45A10059E322 /* LaunchScreen.storyboard in Resources */ = {isa = PBXBuildFile; fileRef = F1E1817327BF45A10059E322 /* LaunchScreen.storyboard */; };
		F1E1818327BF4AFE0059E322 /* HomeViewController.swift in Sources */ = {isa = PBXBuildFile; fileRef = F1E1818227BF4AFE0059E322 /* HomeViewController.swift */; };
		F1E1818527C34A190059E322 /* GamePointData.swift in Sources */ = {isa = PBXBuildFile; fileRef = F1E1818427C34A190059E322 /* GamePointData.swift */; };
		F1E1818727C34DBE0059E322 /* DateToString.swift in Sources */ = {isa = PBXBuildFile; fileRef = F1E1818627C34DBE0059E322 /* DateToString.swift */; };
		F1E1818927C353A90059E322 /* LeaderBoardViewController.swift in Sources */ = {isa = PBXBuildFile; fileRef = F1E1818827C353A90059E322 /* LeaderBoardViewController.swift */; };
		F1E1818C27C35E790059E322 /* TableViewCell.swift in Sources */ = {isa = PBXBuildFile; fileRef = F1E1818B27C35E790059E322 /* TableViewCell.swift */; };
/* End PBXBuildFile section */

/* Begin PBXFileReference section */
		F183D42827C4A1B500330E13 /* GunModel.swift */ = {isa = PBXFileReference; lastKnownFileType = sourcecode.swift; path = GunModel.swift; sourceTree = "<group>"; };
		F183D42A27C4A34C00330E13 /* BulletsLabel.swift */ = {isa = PBXFileReference; lastKnownFileType = sourcecode.swift; path = BulletsLabel.swift; sourceTree = "<group>"; };
		F183D42C27C4A3FC00330E13 /* ReloadButton.swift */ = {isa = PBXFileReference; lastKnownFileType = sourcecode.swift; path = ReloadButton.swift; sourceTree = "<group>"; };
		F183D42E27C6200000330E13 /* Bullet.swift */ = {isa = PBXFileReference; lastKnownFileType = sourcecode.swift; path = Bullet.swift; sourceTree = "<group>"; };
		F183D43027C75B9400330E13 /* Zombie.swift */ = {isa = PBXFileReference; lastKnownFileType = sourcecode.swift; path = Zombie.swift; sourceTree = "<group>"; };
		F1C08EDB27CC8FC900B23D3A /* GamePointLabel.swift */ = {isa = PBXFileReference; lastKnownFileType = sourcecode.swift; path = GamePointLabel.swift; sourceTree = "<group>"; };
		F1C08EDF27CC933100B23D3A /* GameMenuButton.swift */ = {isa = PBXFileReference; lastKnownFileType = sourcecode.swift; path = GameMenuButton.swift; sourceTree = "<group>"; };
		F1C08EE127CCA37A00B23D3A /* GameMenuView.swift */ = {isa = PBXFileReference; lastKnownFileType = sourcecode.swift; path = GameMenuView.swift; sourceTree = "<group>"; };
		F1C08EE327CDB87C00B23D3A /* GamePointSaveView.swift */ = {isa = PBXFileReference; lastKnownFileType = sourcecode.swift; path = GamePointSaveView.swift; sourceTree = "<group>"; };
		F1C08EE527CDB8F200B23D3A /* NickNameTextField.swift */ = {isa = PBXFileReference; lastKnownFileType = sourcecode.swift; path = NickNameTextField.swift; sourceTree = "<group>"; };
		F1C08EE727CDBCBF00B23D3A /* GamePointSaveButton.swift */ = {isa = PBXFileReference; lastKnownFileType = sourcecode.swift; path = GamePointSaveButton.swift; sourceTree = "<group>"; };
		F1C08EE927CDC75C00B23D3A /* GamePointManager.swift */ = {isa = PBXFileReference; lastKnownFileType = sourcecode.swift; path = GamePointManager.swift; sourceTree = "<group>"; };
		F1E1816527BF459F0059E322 /* AR_Zombie_Game.app */ = {isa = PBXFileReference; explicitFileType = wrapper.application; includeInIndex = 0; path = AR_Zombie_Game.app; sourceTree = BUILT_PRODUCTS_DIR; };
		F1E1816827BF459F0059E322 /* AppDelegate.swift */ = {isa = PBXFileReference; lastKnownFileType = sourcecode.swift; path = AppDelegate.swift; sourceTree = "<group>"; };
		F1E1816A27BF459F0059E322 /* art.scnassets */ = {isa = PBXFileReference; lastKnownFileType = wrapper.scnassets; path = art.scnassets; sourceTree = "<group>"; };
		F1E1816C27BF459F0059E322 /* ARViewController.swift */ = {isa = PBXFileReference; lastKnownFileType = sourcecode.swift; path = ARViewController.swift; sourceTree = "<group>"; };
		F1E1816F27BF459F0059E322 /* Base */ = {isa = PBXFileReference; lastKnownFileType = file.storyboard; name = Base; path = Base.lproj/Main.storyboard; sourceTree = "<group>"; };
		F1E1817127BF45A10059E322 /* Assets.xcassets */ = {isa = PBXFileReference; lastKnownFileType = folder.assetcatalog; path = Assets.xcassets; sourceTree = "<group>"; };
		F1E1817427BF45A10059E322 /* Base */ = {isa = PBXFileReference; lastKnownFileType = file.storyboard; name = Base; path = Base.lproj/LaunchScreen.storyboard; sourceTree = "<group>"; };
		F1E1818227BF4AFE0059E322 /* HomeViewController.swift */ = {isa = PBXFileReference; lastKnownFileType = sourcecode.swift; path = HomeViewController.swift; sourceTree = "<group>"; };
		F1E1818427C34A190059E322 /* GamePointData.swift */ = {isa = PBXFileReference; lastKnownFileType = sourcecode.swift; path = GamePointData.swift; sourceTree = "<group>"; };
		F1E1818627C34DBE0059E322 /* DateToString.swift */ = {isa = PBXFileReference; lastKnownFileType = sourcecode.swift; path = DateToString.swift; sourceTree = "<group>"; };
		F1E1818827C353A90059E322 /* LeaderBoardViewController.swift */ = {isa = PBXFileReference; lastKnownFileType = sourcecode.swift; path = LeaderBoardViewController.swift; sourceTree = "<group>"; };
		F1E1818B27C35E790059E322 /* TableViewCell.swift */ = {isa = PBXFileReference; lastKnownFileType = sourcecode.swift; path = TableViewCell.swift; sourceTree = "<group>"; };
/* End PBXFileReference section */

/* Begin PBXFrameworksBuildPhase section */
		F1E1816227BF459F0059E322 /* Frameworks */ = {
			isa = PBXFrameworksBuildPhase;
			buildActionMask = 2147483647;
			files = (
			);
			runOnlyForDeploymentPostprocessing = 0;
		};
/* End PBXFrameworksBuildPhase section */

/* Begin PBXGroup section */
		F1E1815C27BF459F0059E322 = {
			isa = PBXGroup;
			children = (
				F1E1816727BF459F0059E322 /* AR_Zombie_Game */,
				F1E1816627BF459F0059E322 /* Products */,
			);
			sourceTree = "<group>";
		};
		F1E1816627BF459F0059E322 /* Products */ = {
			isa = PBXGroup;
			children = (
				F1E1816527BF459F0059E322 /* AR_Zombie_Game.app */,
			);
			name = Products;
			sourceTree = "<group>";
		};
		F1E1816727BF459F0059E322 /* AR_Zombie_Game */ = {
			isa = PBXGroup;
			children = (
				F1E1817F27BF47510059E322 /* Model */,
				F1E1817D27BF47410059E322 /* View */,
				F1E1817E27BF47480059E322 /* Controller */,
				F1E1816A27BF459F0059E322 /* art.scnassets */,
				F1E1817127BF45A10059E322 /* Assets.xcassets */,
			);
			path = AR_Zombie_Game;
			sourceTree = "<group>";
		};
		F1E1817D27BF47410059E322 /* View */ = {
			isa = PBXGroup;
			children = (
				F1E1816E27BF459F0059E322 /* Main.storyboard */,
				F1E1817327BF45A10059E322 /* LaunchScreen.storyboard */,
			);
			path = View;
			sourceTree = "<group>";
		};
		F1E1817E27BF47480059E322 /* Controller */ = {
			isa = PBXGroup;
			children = (
				F1E1818227BF4AFE0059E322 /* HomeViewController.swift */,
				F1E1818827C353A90059E322 /* LeaderBoardViewController.swift */,
				F1E1818B27C35E790059E322 /* TableViewCell.swift */,
				F1E1816C27BF459F0059E322 /* ARViewController.swift */,
				F1C08EE127CCA37A00B23D3A /* GameMenuView.swift */,
				F1C08EE327CDB87C00B23D3A /* GamePointSaveView.swift */,
			);
			path = Controller;
			sourceTree = "<group>";
		};
		F1E1817F27BF47510059E322 /* Model */ = {
			isa = PBXGroup;
			children = (
				F1E1816827BF459F0059E322 /* AppDelegate.swift */,
				F1E1818427C34A190059E322 /* GamePointData.swift */,
				F1C08EE927CDC75C00B23D3A /* GamePointManager.swift */,
				F1E1818627C34DBE0059E322 /* DateToString.swift */,
				F183D42827C4A1B500330E13 /* GunModel.swift */,
				F183D42A27C4A34C00330E13 /* BulletsLabel.swift */,
				F183D42C27C4A3FC00330E13 /* ReloadButton.swift */,
				F183D42E27C6200000330E13 /* Bullet.swift */,
				F183D43027C75B9400330E13 /* Zombie.swift */,
				F1C08EDB27CC8FC900B23D3A /* GamePointLabel.swift */,
				F1C08EDF27CC933100B23D3A /* GameMenuButton.swift */,
				F1C08EE527CDB8F200B23D3A /* NickNameTextField.swift */,
				F1C08EE727CDBCBF00B23D3A /* GamePointSaveButton.swift */,
			);
			path = Model;
			sourceTree = "<group>";
		};
/* End PBXGroup section */

/* Begin PBXNativeTarget section */
		F1E1816427BF459F0059E322 /* AR_Zombie_Game */ = {
			isa = PBXNativeTarget;
			buildConfigurationList = F1E1817827BF45A10059E322 /* Build configuration list for PBXNativeTarget "AR_Zombie_Game" */;
			buildPhases = (
				F1E1816127BF459F0059E322 /* Sources */,
				F1E1816227BF459F0059E322 /* Frameworks */,
				F1E1816327BF459F0059E322 /* Resources */,
			);
			buildRules = (
			);
			dependencies = (
			);
			name = AR_Zombie_Game;
			productName = AR_Zombie_Game;
			productReference = F1E1816527BF459F0059E322 /* AR_Zombie_Game.app */;
			productType = "com.apple.product-type.application";
		};
/* End PBXNativeTarget section */

/* Begin PBXProject section */
		F1E1815D27BF459F0059E322 /* Project object */ = {
			isa = PBXProject;
			attributes = {
				BuildIndependentTargetsInParallel = 1;
				LastSwiftUpdateCheck = 1320;
				LastUpgradeCheck = 1320;
				TargetAttributes = {
					F1E1816427BF459F0059E322 = {
						CreatedOnToolsVersion = 13.2;
					};
				};
			};
			buildConfigurationList = F1E1816027BF459F0059E322 /* Build configuration list for PBXProject "AR_Zombie_Game" */;
			compatibilityVersion = "Xcode 13.0";
			developmentRegion = en;
			hasScannedForEncodings = 0;
			knownRegions = (
				en,
				Base,
			);
			mainGroup = F1E1815C27BF459F0059E322;
			productRefGroup = F1E1816627BF459F0059E322 /* Products */;
			projectDirPath = "";
			projectRoot = "";
			targets = (
				F1E1816427BF459F0059E322 /* AR_Zombie_Game */,
			);
		};
/* End PBXProject section */

/* Begin PBXResourcesBuildPhase section */
		F1E1816327BF459F0059E322 /* Resources */ = {
			isa = PBXResourcesBuildPhase;
			buildActionMask = 2147483647;
			files = (
				F1E1816B27BF459F0059E322 /* art.scnassets in Resources */,
				F1E1817527BF45A10059E322 /* LaunchScreen.storyboard in Resources */,
				F1E1817227BF45A10059E322 /* Assets.xcassets in Resources */,
				F1E1817027BF459F0059E322 /* Main.storyboard in Resources */,
			);
			runOnlyForDeploymentPostprocessing = 0;
		};
/* End PBXResourcesBuildPhase section */

/* Begin PBXSourcesBuildPhase section */
		F1E1816127BF459F0059E322 /* Sources */ = {
			isa = PBXSourcesBuildPhase;
			buildActionMask = 2147483647;
			files = (
				F1C08EEA27CDC75C00B23D3A /* GamePointManager.swift in Sources */,
				F1C08EE427CDB87C00B23D3A /* GamePointSaveView.swift in Sources */,
				F1E1818527C34A190059E322 /* GamePointData.swift in Sources */,
				F1E1818727C34DBE0059E322 /* DateToString.swift in Sources */,
				F1E1816D27BF459F0059E322 /* ARViewController.swift in Sources */,
				F1E1816927BF459F0059E322 /* AppDelegate.swift in Sources */,
				F1C08EE827CDBCBF00B23D3A /* GamePointSaveButton.swift in Sources */,
				F1C08EE627CDB8F200B23D3A /* NickNameTextField.swift in Sources */,
				F183D42D27C4A3FC00330E13 /* ReloadButton.swift in Sources */,
				F1C08EE227CCA37A00B23D3A /* GameMenuView.swift in Sources */,
				F183D42927C4A1B500330E13 /* GunModel.swift in Sources */,
				F1C08EDC27CC8FC900B23D3A /* GamePointLabel.swift in Sources */,
				F1E1818927C353A90059E322 /* LeaderBoardViewController.swift in Sources */,
				F1E1818C27C35E790059E322 /* TableViewCell.swift in Sources */,
				F1E1818327BF4AFE0059E322 /* HomeViewController.swift in Sources */,
				F183D43127C75B9400330E13 /* Zombie.swift in Sources */,
				F183D42B27C4A34C00330E13 /* BulletsLabel.swift in Sources */,
				F183D42F27C6200000330E13 /* Bullet.swift in Sources */,
				F1C08EE027CC933100B23D3A /* GameMenuButton.swift in Sources */,
			);
			runOnlyForDeploymentPostprocessing = 0;
		};
/* End PBXSourcesBuildPhase section */

/* Begin PBXVariantGroup section */
		F1E1816E27BF459F0059E322 /* Main.storyboard */ = {
			isa = PBXVariantGroup;
			children = (
				F1E1816F27BF459F0059E322 /* Base */,
			);
			name = Main.storyboard;
			sourceTree = "<group>";
		};
		F1E1817327BF45A10059E322 /* LaunchScreen.storyboard */ = {
			isa = PBXVariantGroup;
			children = (
				F1E1817427BF45A10059E322 /* Base */,
			);
			name = LaunchScreen.storyboard;
			sourceTree = "<group>";
		};
/* End PBXVariantGroup section */

/* Begin XCBuildConfiguration section */
		F1E1817627BF45A10059E322 /* Debug */ = {
			isa = XCBuildConfiguration;
			buildSettings = {
				ALWAYS_SEARCH_USER_PATHS = NO;
				CLANG_ANALYZER_NONNULL = YES;
				CLANG_ANALYZER_NUMBER_OBJECT_CONVERSION = YES_AGGRESSIVE;
				CLANG_CXX_LANGUAGE_STANDARD = "gnu++17";
				CLANG_CXX_LIBRARY = "libc++";
				CLANG_ENABLE_MODULES = YES;
				CLANG_ENABLE_OBJC_ARC = YES;
				CLANG_ENABLE_OBJC_WEAK = YES;
				CLANG_WARN_BLOCK_CAPTURE_AUTORELEASING = YES;
				CLANG_WARN_BOOL_CONVERSION = YES;
				CLANG_WARN_COMMA = YES;
				CLANG_WARN_CONSTANT_CONVERSION = YES;
				CLANG_WARN_DEPRECATED_OBJC_IMPLEMENTATIONS = YES;
				CLANG_WARN_DIRECT_OBJC_ISA_USAGE = YES_ERROR;
				CLANG_WARN_DOCUMENTATION_COMMENTS = YES;
				CLANG_WARN_EMPTY_BODY = YES;
				CLANG_WARN_ENUM_CONVERSION = YES;
				CLANG_WARN_INFINITE_RECURSION = YES;
				CLANG_WARN_INT_CONVERSION = YES;
				CLANG_WARN_NON_LITERAL_NULL_CONVERSION = YES;
				CLANG_WARN_OBJC_IMPLICIT_RETAIN_SELF = YES;
				CLANG_WARN_OBJC_LITERAL_CONVERSION = YES;
				CLANG_WARN_OBJC_ROOT_CLASS = YES_ERROR;
				CLANG_WARN_QUOTED_INCLUDE_IN_FRAMEWORK_HEADER = YES;
				CLANG_WARN_RANGE_LOOP_ANALYSIS = YES;
				CLANG_WARN_STRICT_PROTOTYPES = YES;
				CLANG_WARN_SUSPICIOUS_MOVE = YES;
				CLANG_WARN_UNGUARDED_AVAILABILITY = YES_AGGRESSIVE;
				CLANG_WARN_UNREACHABLE_CODE = YES;
				CLANG_WARN__DUPLICATE_METHOD_MATCH = YES;
				COPY_PHASE_STRIP = NO;
				DEBUG_INFORMATION_FORMAT = dwarf;
				ENABLE_STRICT_OBJC_MSGSEND = YES;
				ENABLE_TESTABILITY = YES;
				GCC_C_LANGUAGE_STANDARD = gnu11;
				GCC_DYNAMIC_NO_PIC = NO;
				GCC_NO_COMMON_BLOCKS = YES;
				GCC_OPTIMIZATION_LEVEL = 0;
				GCC_PREPROCESSOR_DEFINITIONS = (
					"DEBUG=1",
					"$(inherited)",
				);
				GCC_WARN_64_TO_32_BIT_CONVERSION = YES;
				GCC_WARN_ABOUT_RETURN_TYPE = YES_ERROR;
				GCC_WARN_UNDECLARED_SELECTOR = YES;
				GCC_WARN_UNINITIALIZED_AUTOS = YES_AGGRESSIVE;
				GCC_WARN_UNUSED_FUNCTION = YES;
				GCC_WARN_UNUSED_VARIABLE = YES;
				IPHONEOS_DEPLOYMENT_TARGET = 15.2;
				MTL_ENABLE_DEBUG_INFO = INCLUDE_SOURCE;
				MTL_FAST_MATH = YES;
				ONLY_ACTIVE_ARCH = YES;
				SDKROOT = iphoneos;
				SWIFT_ACTIVE_COMPILATION_CONDITIONS = DEBUG;
				SWIFT_OPTIMIZATION_LEVEL = "-Onone";
			};
			name = Debug;
		};
		F1E1817727BF45A10059E322 /* Release */ = {
			isa = XCBuildConfiguration;
			buildSettings = {
				ALWAYS_SEARCH_USER_PATHS = NO;
				CLANG_ANALYZER_NONNULL = YES;
				CLANG_ANALYZER_NUMBER_OBJECT_CONVERSION = YES_AGGRESSIVE;
				CLANG_CXX_LANGUAGE_STANDARD = "gnu++17";
				CLANG_CXX_LIBRARY = "libc++";
				CLANG_ENABLE_MODULES = YES;
				CLANG_ENABLE_OBJC_ARC = YES;
				CLANG_ENABLE_OBJC_WEAK = YES;
				CLANG_WARN_BLOCK_CAPTURE_AUTORELEASING = YES;
				CLANG_WARN_BOOL_CONVERSION = YES;
				CLANG_WARN_COMMA = YES;
				CLANG_WARN_CONSTANT_CONVERSION = YES;
				CLANG_WARN_DEPRECATED_OBJC_IMPLEMENTATIONS = YES;
				CLANG_WARN_DIRECT_OBJC_ISA_USAGE = YES_ERROR;
				CLANG_WARN_DOCUMENTATION_COMMENTS = YES;
				CLANG_WARN_EMPTY_BODY = YES;
				CLANG_WARN_ENUM_CONVERSION = YES;
				CLANG_WARN_INFINITE_RECURSION = YES;
				CLANG_WARN_INT_CONVERSION = YES;
				CLANG_WARN_NON_LITERAL_NULL_CONVERSION = YES;
				CLANG_WARN_OBJC_IMPLICIT_RETAIN_SELF = YES;
				CLANG_WARN_OBJC_LITERAL_CONVERSION = YES;
				CLANG_WARN_OBJC_ROOT_CLASS = YES_ERROR;
				CLANG_WARN_QUOTED_INCLUDE_IN_FRAMEWORK_HEADER = YES;
				CLANG_WARN_RANGE_LOOP_ANALYSIS = YES;
				CLANG_WARN_STRICT_PROTOTYPES = YES;
				CLANG_WARN_SUSPICIOUS_MOVE = YES;
				CLANG_WARN_UNGUARDED_AVAILABILITY = YES_AGGRESSIVE;
				CLANG_WARN_UNREACHABLE_CODE = YES;
				CLANG_WARN__DUPLICATE_METHOD_MATCH = YES;
				COPY_PHASE_STRIP = NO;
				DEBUG_INFORMATION_FORMAT = "dwarf-with-dsym";
				ENABLE_NS_ASSERTIONS = NO;
				ENABLE_STRICT_OBJC_MSGSEND = YES;
				GCC_C_LANGUAGE_STANDARD = gnu11;
				GCC_NO_COMMON_BLOCKS = YES;
				GCC_WARN_64_TO_32_BIT_CONVERSION = YES;
				GCC_WARN_ABOUT_RETURN_TYPE = YES_ERROR;
				GCC_WARN_UNDECLARED_SELECTOR = YES;
				GCC_WARN_UNINITIALIZED_AUTOS = YES_AGGRESSIVE;
				GCC_WARN_UNUSED_FUNCTION = YES;
				GCC_WARN_UNUSED_VARIABLE = YES;
				IPHONEOS_DEPLOYMENT_TARGET = 15.2;
				MTL_ENABLE_DEBUG_INFO = NO;
				MTL_FAST_MATH = YES;
				SDKROOT = iphoneos;
				SWIFT_COMPILATION_MODE = wholemodule;
				SWIFT_OPTIMIZATION_LEVEL = "-O";
				VALIDATE_PRODUCT = YES;
			};
			name = Release;
		};
		F1E1817927BF45A10059E322 /* Debug */ = {
			isa = XCBuildConfiguration;
			buildSettings = {
				ASSETCATALOG_COMPILER_APPICON_NAME = AppIcon;
				ASSETCATALOG_COMPILER_GLOBAL_ACCENT_COLOR_NAME = AccentColor;
				CODE_SIGN_STYLE = Automatic;
				CURRENT_PROJECT_VERSION = 1;
				DEVELOPMENT_TEAM = KD3GVSQ9P4;
				GENERATE_INFOPLIST_FILE = YES;
				INFOPLIST_KEY_NSCameraUsageDescription = "";
				INFOPLIST_KEY_UIApplicationSupportsIndirectInputEvents = YES;
				INFOPLIST_KEY_UILaunchStoryboardName = LaunchScreen;
				INFOPLIST_KEY_UIMainStoryboardFile = Main;
				INFOPLIST_KEY_UIRequiredDeviceCapabilities = arkit;
				INFOPLIST_KEY_UIStatusBarHidden = YES;
				INFOPLIST_KEY_UISupportedInterfaceOrientations_iPad = "UIInterfaceOrientationPortrait UIInterfaceOrientationPortraitUpsideDown UIInterfaceOrientationLandscapeLeft UIInterfaceOrientationLandscapeRight";
				INFOPLIST_KEY_UISupportedInterfaceOrientations_iPhone = "UIInterfaceOrientationPortrait UIInterfaceOrientationLandscapeLeft UIInterfaceOrientationLandscapeRight";
				LD_RUNPATH_SEARCH_PATHS = (
					"$(inherited)",
					"@executable_path/Frameworks",
				);
				MARKETING_VERSION = 1.0;
				PRODUCT_BUNDLE_IDENTIFIER = "co.godo.AR-Zombie-Game";
				PRODUCT_NAME = "$(TARGET_NAME)";
				SWIFT_EMIT_LOC_STRINGS = YES;
				SWIFT_VERSION = 5.0;
				TARGETED_DEVICE_FAMILY = "1,2";
			};
			name = Debug;
		};
		F1E1817A27BF45A10059E322 /* Release */ = {
			isa = XCBuildConfiguration;
			buildSettings = {
				ASSETCATALOG_COMPILER_APPICON_NAME = AppIcon;
				ASSETCATALOG_COMPILER_GLOBAL_ACCENT_COLOR_NAME = AccentColor;
				CODE_SIGN_STYLE = Automatic;
				CURRENT_PROJECT_VERSION = 1;
				DEVELOPMENT_TEAM = KD3GVSQ9P4;
				GENERATE_INFOPLIST_FILE = YES;
				INFOPLIST_KEY_NSCameraUsageDescription = "";
				INFOPLIST_KEY_UIApplicationSupportsIndirectInputEvents = YES;
				INFOPLIST_KEY_UILaunchStoryboardName = LaunchScreen;
				INFOPLIST_KEY_UIMainStoryboardFile = Main;
				INFOPLIST_KEY_UIRequiredDeviceCapabilities = arkit;
				INFOPLIST_KEY_UIStatusBarHidden = YES;
				INFOPLIST_KEY_UISupportedInterfaceOrientations_iPad = "UIInterfaceOrientationPortrait UIInterfaceOrientationPortraitUpsideDown UIInterfaceOrientationLandscapeLeft UIInterfaceOrientationLandscapeRight";
				INFOPLIST_KEY_UISupportedInterfaceOrientations_iPhone = "UIInterfaceOrientationPortrait UIInterfaceOrientationLandscapeLeft UIInterfaceOrientationLandscapeRight";
				LD_RUNPATH_SEARCH_PATHS = (
					"$(inherited)",
					"@executable_path/Frameworks",
				);
				MARKETING_VERSION = 1.0;
				PRODUCT_BUNDLE_IDENTIFIER = "co.godo.AR-Zombie-Game";
				PRODUCT_NAME = "$(TARGET_NAME)";
				SWIFT_EMIT_LOC_STRINGS = YES;
				SWIFT_VERSION = 5.0;
				TARGETED_DEVICE_FAMILY = "1,2";
			};
			name = Release;
		};
/* End XCBuildConfiguration section */

/* Begin XCConfigurationList section */
		F1E1816027BF459F0059E322 /* Build configuration list for PBXProject "AR_Zombie_Game" */ = {
			isa = XCConfigurationList;
			buildConfigurations = (
				F1E1817627BF45A10059E322 /* Debug */,
				F1E1817727BF45A10059E322 /* Release */,
			);
			defaultConfigurationIsVisible = 0;
			defaultConfigurationName = Release;
		};
		F1E1817827BF45A10059E322 /* Build configuration list for PBXNativeTarget "AR_Zombie_Game" */ = {
			isa = XCConfigurationList;
			buildConfigurations = (
				F1E1817927BF45A10059E322 /* Debug */,
				F1E1817A27BF45A10059E322 /* Release */,
			);
			defaultConfigurationIsVisible = 0;
			defaultConfigurationName = Release;
		};
/* End XCConfigurationList section */
	};
	rootObject = F1E1815D27BF459F0059E322 /* Project object */;
}
